{
  "name": "s7-test",
  "version": "1.0.0",
  "lockfileVersion": 1,
  "requires": true,
  "dependencies": {
    "nodes7": {
      "version": "0.3.13",
      "resolved": "https://registry.npmjs.org/nodes7/-/nodes7-0.3.13.tgz",
      "integrity": "sha512-4RxNkBHoZFmM3W46WFh57go7No+M/5b+XRbOcxTbjv0Y+Yseo+OB2PHN3MoYhtfcV49Pm5mvci6+S4Ibo8VNvg=="
    }
  }
}
